version = 1
revision = 3
requires-python = ">=3.14"

[[package]]
name = "click"
version = "8.5.0"
source = { registry = "https://pypi.org/simple" }
sdist = { url = "https://files.pythonhosted.org/packages/c7/0e/7fa0ef50764b67090eca4114772a2abf8b6148198475e54c660b97caeee6/click-8.5.0.tar.gz", hash = "sha256:ba0d2089de75ea0310e2dde03160e6ca10009947fb95a182f9b54021bb272e34", size = 382235, upload-time = "2026-08-26T13:33:14.56Z" }
wheels = [
    { url = "https://files.pythonhosted.org/packages/58/50/6c0d534c5f134586a8e1ba4e330569e32f057e33372ae556463212fb4cd3/click-8.5.0-py3-none-any.whl", hash = "sha256:255bc9599cf7748b4b1a446ccc735421bd08a2ae529a8b88597d3de5664ee360", size = 125251, upload-time = "2026-08-26T13:33:12.928Z" },
]

[[package]]
name = "dearpygui"
version = "2.3.1"
source = { registry = "https://pypi.org/simple" }
wheels = [
    { url = "https://files.pythonhosted.org/packages/4a/08/68ce3ba941cf09bcf288f2603d7178c936d473172fd545e0665b885cb840/dearpygui-2.3.1-cp314-cp314-macosx_13_0_arm64.whl", hash = "sha256:e2cbabd8d383308ea3520360e100d1e95c9a957cd26247431cd4920b23c3b56e", size = 2003034, upload-time = "2026-05-01T22:46:02.736Z" },
    { url = "https://files.pythonhosted.org/packages/f3/3f/ac003b6d636c9f5aae910a62d00b6c119403212cf2d7772d7c59ca8ef6dd/dearpygui-2.3.1-cp314-cp314-manylinux1_x86_64.whl", hash = "sha256:953442c7272e57f3686e393edc5cf6ce73cc2f47142739735dfabed403e33770", size = 2678545, upload-time = "2026-05-01T22:46:10.181Z" },
    { url = "https://files.pythonhosted.org/packages/1a/6b/657a2f1e2f604f356c39ed5b870aaed5d07fdeac3139fae2a455473b64ca/dearpygui-2.3.1-cp314-cp314-manylinux2014_aarch64.whl", hash = "sha256:43a561b5dc589944a3a2b469e5e68f1ab35ae38b3dcdf1f813ed9d6e024153f8", size = 2501699, upload-time = "2026-05-01T22:46:21.497Z" },
    { url = "https://files.pythonhosted.org/packages/8c/56/93b2310891589063e0226cb07fe05e08fbdb3f409f80f9edefb1cebea84e/dearpygui-2.3.1-cp314-cp314-win_amd64.whl", hash = "sha256:272cc52c66bc5a4a332f13a3af5e603070d47ca7cc4976e6a8c247594e2b3dd0", size = 1943067, upload-time = "2026-05-01T22:45:52.255Z" },
]

[[package]]
name = "landan-desktop-dearpygui"
version = "0.1.0"
source = { virtual = "." }
dependencies = [
    { name = "click" },
    { name = "dearpygui" },
    { name = "pyobjc-framework-avfoundation", marker = "sys_platform == 'darwin'" },
    { name = "pyobjc-framework-cocoa", marker = "sys_platform == 'darwin'" },
    { name = "pyobjc-framework-quartz", marker = "sys_platform == 'darwin'" },
    { name = "python-dotenv" },
    { name = "pyyaml" },
]

[package.metadata]
requires-dist = [
    { name = "click", specifier = ">=8.1.0" },
    { name = "dearpygui", specifier = ">=2.3.1" },
    { name = "pyobjc-framework-avfoundation", marker = "sys_platform == 'darwin'", specifier = ">=12.2.2" },
    { name = "pyobjc-framework-cocoa", marker = "sys_platform == 'darwin'", specifier = ">=12.2.2" },
    { name = "pyobjc-framework-quartz", marker = "sys_platform == 'darwin'", specifier = ">=12.2.2" },
    { name = "python-dotenv", specifier = ">=1.0.0" },
    { name = "pyyaml", specifier = ">=6.0" },
]

[[package]]
name = "pyobjc-core"
version = "12.2.2"
source = { registry = "https://pypi.org/simple" }
sdist = { url = "https://files.pythonhosted.org/packages/a5/78/abc4ce5920305780aeb36b4067a86253378b36e29ba96673a3deb02eb03a/pyobjc_core-12.2.2.tar.gz", hash = "sha256:3906452339cd06a3bb07df103c2511d4cb0f7a22d8771c0b802eba15d9a642b6", size = 1067701, upload-time = "2026-08-11T19:43:39.059Z" }
wheels = [
    { url = "https://files.pythonhosted.org/packages/13/37/486d38a173b0b8dce973a3e13c74cf402ed1b8621586b5963bc9efd49a48/pyobjc_core-12.2.2-cp314-cp314-macosx_10_15_universal2.whl", hash = "sha256:2062e8ad30a310441cd022544a897553408bebeaa7820d5edba3c96fd7fd693b", size = 6421184, upload-time = "2026-08-11T19:30:21.081Z" },
    { url = "https://files.pythonhosted.org/packages/04/f1/d138fd9b9a66ea8db56a8138b77d3413b85da3defe13363a19f364f85529/pyobjc_core-12.2.2-cp314-cp314t-macosx_10_15_universal2.whl", hash = "sha256:2c7ef3d2f865b4b3ebb14ec3556f7a3e8abb6d130c67275cd9daa08dbd6e4e4e", size = 6671824, upload-time = "2026-08-11T19:30:25.005Z" },
    { url = "https://files.pythonhosted.org/packages/d5/85/577e2265cccf59daf48c460f0a8deeaf7dbe2991227a8859ab1eeab4945e/pyobjc_core-12.2.2-cp315-cp315-macosx_10_15_universal2.whl", hash = "sha256:89acc6bc13aaa6e3f52b0ce652ede7e201edb6bf062741b246b0c5a44582f25f", size = 6477694, upload-time = "2026-08-11T19:30:28.821Z" },
    { url = "https://files.pythonhosted.org/packages/77/0a/bd9f830c64c6f334530831e75c01bfe0a770a3fbb00fddc70329223118b3/pyobjc_core-12.2.2-cp315-cp315t-macosx_10_15_universal2.whl", hash = "sha256:59a77038ebe0ab1240f61c341e7fb67b8674f2b4cd41bc71a6472511a12b50f7", size = 6712233, upload-time = "2026-08-11T19:30:33.032Z" },
]

[[package]]
name = "pyobjc-framework-avfoundation"
version = "12.2.2"
source = { registry = "https://pypi.org/simple" }
dependencies = [
    { name = "pyobjc-core" },
    { name = "pyobjc-framework-cocoa" },
    { name = "pyobjc-framework-coreaudio" },
    { name = "pyobjc-framework-coremedia" },
    { name = "pyobjc-framework-quartz" },
]
sdist = { url = "https://files.pythonhosted.org/packages/19/48/917494d86ea02372e922bc96ffb76a6161f847db21ae7885fe7e0c3d7755/pyobjc_framework_avfoundation-12.2.2.tar.gz", hash = "sha256:5b9f33bf382af9a84b2394c98e3603a8abf03f29b0d2036e29698806ea22851a", size = 411684, upload-time = "2026-08-11T19:43:51.652Z" }
wheels = [
    { url = "https://files.pythonhosted.org/packages/cf/61/a0969bfebcdddcaf1f8ccf721bf747e4e6ec803c742c6afd17faf0397f68/pyobjc_framework_avfoundation-12.2.2-cp314-cp314-macosx_10_15_universal2.whl", hash = "sha256:21a3c326455e5dce805e7440a3b7808c1e833e6d961279de88ab39cba70b821f", size = 85834, upload-time = "2026-08-11T19:31:40.455Z" },
    { url = "https://files.pythonhosted.org/packages/81/dc/14e479e8f6159d69d5fac942b2e0d0335529f43da0b9b0dac7a80662b46d/pyobjc_framework_avfoundation-12.2.2-cp314-cp314t-macosx_10_15_universal2.whl", hash = "sha256:45b915a35d7fddb6c29a7a43e8b221bd2f2fe73eb0b1c174e843cfa6cbba57ac", size = 86175, upload-time = "2026-08-11T19:31:41.338Z" },
    { url = "https://files.pythonhosted.org/packages/17/ec/ffb940584befa2d3a42e8169b1269ab492f77b40ed0183d37089f97626f6/pyobjc_framework_avfoundation-12.2.2-cp315-cp315-macosx_10_15_universal2.whl", hash = "sha256:60199c8271f28dbf3f1b1f4fcaec3fbd7d6787571be95b0a291e70f1dbd13807", size = 85895, upload-time = "2026-08-11T19:31:42.161Z" },
    { url = "https://files.pythonhosted.org/packages/ea/64/7b789e97ce5675e43628166a2ff17bf39ef081e62a5725d51fbfc11c197a/pyobjc_framework_avfoundation-12.2.2-cp315-cp315t-macosx_10_15_universal2.whl", hash = "sha256:9f9394180a7891085f8981ba2fcb2da292ee0608b46fa53d231d8a646a6a6bb8", size = 86241, upload-time = "2026-08-11T19:31:43.258Z" },
]

[[package]]
name = "pyobjc-framework-cocoa"
version = "12.2.2"
source = { registry = "https://pypi.org/simple" }
dependencies = [
    { name = "pyobjc-core" },
]
sdist = { url = "https://files.pythonhosted.org/packages/75/76/49c6da2c6a831020b4854ba20079d5a1030474bffc776b7b73c2eeff8c15/pyobjc_framework_cocoa-12.2.2.tar.gz", hash = "sha256:c96c0ef69a71afbbb0e6a7d594b455c5fe47d62e0db376ee7a2b4b828c16ace9", size = 3132831, upload-time = "2026-08-11T19:44:02.288Z" }
wheels = [
    { url = "https://files.pythonhosted.org/packages/1f/1a/b99521999b9f54b89aad928ddff0faad507abfe33bc46599454bfa48a4b2/pyobjc_framework_cocoa-12.2.2-cp314-cp314-macosx_10_15_universal2.whl", hash = "sha256:889d7bbd4ba2d4941078bfbbfb882138e51dbead27df006abfe0f2e0d49b5b2e", size = 388368, upload-time = "2026-08-11T19:32:46.781Z" },
    { url = "https://files.pythonhosted.org/packages/6d/26/0c697dbc73dcc76bc0f68ea5aeed25bf7b05217df5102659e878501b2d5f/pyobjc_framework_cocoa-12.2.2-cp314-cp314t-macosx_10_15_universal2.whl", hash = "sha256:de69c5933750f3a4599ed962eccd92b6a71914c7e4318dacc7895738a8ae60d7", size = 392404, upload-time = "2026-08-11T19:32:47.918Z" },
    { url = "https://files.pythonhosted.org/packages/df/82/502f740fd8f4e9ef741c9d40ba67467ab2c8196f2c09dcba12936d28a4fd/pyobjc_framework_cocoa-12.2.2-cp315-cp315-macosx_10_15_universal2.whl", hash = "sha256:0e8ace0d44a00d281281a723d17fcd05eea7544a38a6a512e1fd018ddb7aece2", size = 388585, upload-time = "2026-08-11T19:32:49.171Z" },
    { url = "https://files.pythonhosted.org/packages/7d/3b/07ce3c0ab8d1e9e1bed74fea1bf1cce73527a365a7a23c755051d3be9865/pyobjc_framework_cocoa-12.2.2-cp315-cp315t-macosx_10_15_universal2.whl", hash = "sha256:8fe5b2e79c9530f667b4e58a87a3a15ea62f86a5d19eec405517ecbd4f454868", size = 392693, upload-time = "2026-08-11T19:32:50.283Z" },
]

[[package]]
name = "pyobjc-framework-coreaudio"
version = "12.2.2"
source = { registry = "https://pypi.org/simple" }
dependencies = [
    { name = "pyobjc-core" },
    { name = "pyobjc-framework-cocoa" },
]
sdist = { url = "https://files.pythonhosted.org/packages/0e/71/bfbf1dffe9f08f31b444685e9d194e25cc3506db9f7a9d6ffdb56cc4408e/pyobjc_framework_coreaudio-12.2.2.tar.gz", hash = "sha256:880214f7328d6502a0c60ee744fa1eabe77a0d0c9ae276009453b69474eacf38", size = 79573, upload-time = "2026-08-11T19:44:07.04Z" }
wheels = [
    { url = "https://files.pythonhosted.org/packages/7e/87/7bb04033a75abecc03642bcac7c23175e8c1d7a6c14be561a18378f23046/pyobjc_framework_coreaudio-12.2.2-cp314-cp314-macosx_10_15_universal2.whl", hash = "sha256:4e332b0acb976e84b3730d90f1bce8c92f1e52009a07d35ee7d3f8d494055d8a", size = 36520, upload-time = "2026-08-11T19:33:14.656Z" },
    { url = "https://files.pythonhosted.org/packages/95/68/36436a40e253dd8005bed9d6ffb31e5be1fd4acccacdfd8e36b1af1b4542/pyobjc_framework_coreaudio-12.2.2-cp314-cp314t-macosx_10_15_universal2.whl", hash = "sha256:29b6d2b0d415246348717e501b424da5ad4cfadc8bb3c465c16851446e6ff590", size = 38131, upload-time = "2026-08-11T19:33:15.462Z" },
    { url = "https://files.pythonhosted.org/packages/23/14/424a6b90658b5ac597986b6b8dcb2ae2f9452840a28149c400f458f33d5a/pyobjc_framework_coreaudio-12.2.2-cp315-cp315-macosx_10_15_universal2.whl", hash = "sha256:97ef7efc7f5c5d66ecb114050f76f029803a203b953103859bdfe1d4756de50d", size = 36552, upload-time = "2026-08-11T19:33:16.339Z" },
    { url = "https://files.pythonhosted.org/packages/f5/a1/f276ed48473dd8d7f070517a5dbba40d689af3261127799b41ef17861464/pyobjc_framework_coreaudio-12.2.2-cp315-cp315t-macosx_10_15_universal2.whl", hash = "sha256:75bfc0de2b8f94521c9becb55d5dcf749b6ff479b6163cd1355b1f7c578166e4", size = 38162, upload-time = "2026-08-11T19:33:17.1Z" },
]

[[package]]
name = "pyobjc-framework-coremedia"
version = "12.2.2"
source = { registry = "https://pypi.org/simple" }
dependencies = [
    { name = "pyobjc-core" },
    { name = "pyobjc-framework-cocoa" },
]
sdist = { url = "https://files.pythonhosted.org/packages/f0/12/0b3896ea04f0fbbe3f2cb37802cadce334f9aef204d911a81934013eba8c/pyobjc_framework_coremedia-12.2.2.tar.gz", hash = "sha256:fe9f972438674893e941e9db5b62f8ba99a33f94a7f1c2ce49b14416f154cd10", size = 98580, upload-time = "2026-08-11T19:44:11.651Z" }
wheels = [
    { url = "https://files.pythonhosted.org/packages/74/bb/0676dabebfbf9a89ea268ca26bd978a6c0e5dcf9b2baca86709bd8228708/pyobjc_framework_coremedia-12.2.2-cp314-cp314-macosx_10_15_universal2.whl", hash = "sha256:edc9d03e5230123c92d4f0413c48449a7f08fa747b9f304b2cc396239acfefe3", size = 29465, upload-time = "2026-08-11T19:33:52.149Z" },
    { url = "https://files.pythonhosted.org/packages/17/33/1e2ab0438a546cc33ac18dcdb939c0a7cbbfcc070744f6451d08ccd80d6b/pyobjc_framework_coremedia-12.2.2-cp314-cp314t-macosx_10_15_universal2.whl", hash = "sha256:bb4c56edd411a5c0152a0a9eeb0138f9c173820041beff0cfaff291b9376bade", size = 29525, upload-time = "2026-08-11T19:33:52.943Z" },
    { url = "https://files.pythonhosted.org/packages/99/7f/1a5e92a337e924f4cf3781f61b30a0e9fba84eb6fbf2c377959bb842d1e8/pyobjc_framework_coremedia-12.2.2-cp315-cp315-macosx_10_15_universal2.whl", hash = "sha256:49b53bbe1eea893f94bbf05f1f5220fcef3ccac7310a96d78434c0df6318dc79", size = 29503, upload-time = "2026-08-11T19:33:53.724Z" },
    { url = "https://files.pythonhosted.org/packages/db/f6/09e85dc8bffbafdcf74c53d8495db1411f9cc03b32a10593832f4fa81318/pyobjc_framework_coremedia-12.2.2-cp315-cp315t-macosx_10_15_universal2.whl", hash = "sha256:0bf4cd65f87bd073e74b3ede2381dc9355529e6f1b12184da22090f016e68bf7", size = 29560, upload-time = "2026-08-11T19:33:54.712Z" },
]

[[package]]
name = "pyobjc-framework-quartz"
version = "12.2.2"
source = { registry = "https://pypi.org/simple" }
dependencies = [
    { name = "pyobjc-core" },
    { name = "pyobjc-framework-cocoa" },
]
sdist = { url = "https://files.pythonhosted.org/packages/35/b1/426a37c7ae37280b3ffca2571fb48f211946aee2f4ca31a603ed1943c4a7/pyobjc_framework_quartz-12.2.2.tar.gz", hash = "sha256:810f97b210cfd93704d240860286dfd6df09f9f1c52525fc5c2166723aea3f9e", size = 3218295, upload-time = "2026-08-11T19:45:15.189Z" }
wheels = [
    { url = "https://files.pythonhosted.org/packages/b1/33/230ae7777b0909fe2c24f28413c51c860faebf762d824b097a0e2fb48304/pyobjc_framework_quartz-12.2.2-cp314-cp314-macosx_10_15_universal2.whl", hash = "sha256:1f7f3d9010e38f03ea1fa266664c10ea349cd7492bd603b403584f49d713dbed", size = 219773, upload-time = "2026-08-11T19:40:27.64Z" },
    { url = "https://files.pythonhosted.org/packages/25/eb/7482fdd384521916e98a6164be220494b1f7794792b1d60fa3f5207d84a4/pyobjc_framework_quartz-12.2.2-cp314-cp314t-macosx_10_15_universal2.whl", hash = "sha256:ebf8167ca2096cf3a05199decfa517be0df4c56048f49cf132bd6b1a6ab9c086", size = 224726, upload-time = "2026-08-11T19:40:28.718Z" },
    { url = "https://files.pythonhosted.org/packages/33/67/b4b0ffc486b08492bfef4b33731d044b295f1696c8fb7d119c8367079139/pyobjc_framework_quartz-12.2.2-cp315-cp315-macosx_10_15_universal2.whl", hash = "sha256:cee63b891c2b6b7ccf98f233175411529f3e80286f58438793b3634af79858f1", size = 219827, upload-time = "2026-08-11T19:40:29.764Z" },
    { url = "https://files.pythonhosted.org/packages/aa/eb/5fb627c2457046883c6fd12d25c44db40c12bcde4622dc0f30851108e106/pyobjc_framework_quartz-12.2.2-cp315-cp315t-macosx_10_15_universal2.whl", hash = "sha256:8f58c589b5a76ba98f186b1f3b19fb1c8b730e82351f81fb62e6194f64a71622", size = 224767, upload-time = "2026-08-11T19:40:30.991Z" },
]

[[package]]
name = "python-dotenv"
version = "1.2.3"
source = { registry = "https://pypi.org/simple" }
sdist = { url = "https://files.pythonhosted.org/packages/6a/53/ed9d74092561d4b01a2ef1349d52cdbc135e526c245f366b089cfca6de49/python_dotenv-1.2.3.tar.gz", hash = "sha256:a20a594dabeaa385725aa239d5244871c143ecb356add8a20fcf23773a6c3a35", size = 58945, upload-time = "2026-08-16T16:54:54.067Z" }
wheels = [
    { url = "https://files.pythonhosted.org/packages/0d/17/c5c6b53ddc18f297992099b3d9ec16c855c0ccc83263a21fe4d1c625ec6c/python_dotenv-1.2.3-py3-none-any.whl", hash = "sha256:904552145e8bfed22162c09dab1c2b9b54fefa7b23ba780f4f26ca0316b0f0d9", size = 22780, upload-time = "2026-08-16T16:54:52.473Z" },
]

[[package]]
name = "pyyaml"
version = "6.0.3"
source = { registry = "https://pypi.org/simple" }
sdist = { url = "https://files.pythonhosted.org/packages/05/8e/961c0007c59b8dd7729d542c61a4d537767a59645b82a0b521206e1e25c2/pyyaml-6.0.3.tar.gz", hash = "sha256:d76623373421df22fb4cf8817020cbb7ef15c725b9d5e45f17e189bfc384190f", size = 130960, upload-time = "2025-09-25T21:33:16.546Z" }
wheels = [
    { url = "https://files.pythonhosted.org/packages/9d/8c/f4bd7f6465179953d3ac9bc44ac1a8a3e6122cf8ada906b4f96c60172d43/pyyaml-6.0.3-cp314-cp314-macosx_10_13_x86_64.whl", hash = "sha256:8d1fab6bb153a416f9aeb4b8763bc0f22a5586065f86f7664fc23339fc1c1fac", size = 181814, upload-time = "2025-09-25T21:32:35.712Z" },
    { url = "https://files.pythonhosted.org/packages/bd/9c/4d95bb87eb2063d20db7b60faa3840c1b18025517ae857371c4dd55a6b3a/pyyaml-6.0.3-cp314-cp314-macosx_11_0_arm64.whl", hash = "sha256:34d5fcd24b8445fadc33f9cf348c1047101756fd760b4dacb5c3e99755703310", size = 173809, upload-time = "2025-09-25T21:32:36.789Z" },
    { url = "https://files.pythonhosted.org/packages/92/b5/47e807c2623074914e29dabd16cbbdd4bf5e9b2db9f8090fa64411fc5382/pyyaml-6.0.3-cp314-cp314-manylinux2014_aarch64.manylinux_2_17_aarch64.manylinux_2_28_aarch64.whl", hash = "sha256:501a031947e3a9025ed4405a168e6ef5ae3126c59f90ce0cd6f2bfc477be31b7", size = 766454, upload-time = "2025-09-25T21:32:37.966Z" },
    { url = "https://files.pythonhosted.org/packages/02/9e/e5e9b168be58564121efb3de6859c452fccde0ab093d8438905899a3a483/pyyaml-6.0.3-cp314-cp314-manylinux2014_s390x.manylinux_2_17_s390x.manylinux_2_28_s390x.whl", hash = "sha256:b3bc83488de33889877a0f2543ade9f70c67d66d9ebb4ac959502e12de895788", size = 836355, upload-time = "2025-09-25T21:32:39.178Z" },
    { url = "https://files.pythonhosted.org/packages/88/f9/16491d7ed2a919954993e48aa941b200f38040928474c9e85ea9e64222c3/pyyaml-6.0.3-cp314-cp314-manylinux2014_x86_64.manylinux_2_17_x86_64.manylinux_2_28_x86_64.whl", hash = "sha256:c458b6d084f9b935061bc36216e8a69a7e293a2f1e68bf956dcd9e6cbcd143f5", size = 794175, upload-time = "2025-09-25T21:32:40.865Z" },
    { url = "https://files.pythonhosted.org/packages/dd/3f/5989debef34dc6397317802b527dbbafb2b4760878a53d4166579111411e/pyyaml-6.0.3-cp314-cp314-musllinux_1_2_aarch64.whl", hash = "sha256:7c6610def4f163542a622a73fb39f534f8c101d690126992300bf3207eab9764", size = 755228, upload-time = "2025-09-25T21:32:42.084Z" },
    { url = "https://files.pythonhosted.org/packages/d7/ce/af88a49043cd2e265be63d083fc75b27b6ed062f5f9fd6cdc223ad62f03e/pyyaml-6.0.3-cp314-cp314-musllinux_1_2_x86_64.whl", hash = "sha256:5190d403f121660ce8d1d2c1bb2ef1bd05b5f68533fc5c2ea899bd15f4399b35", size = 789194, upload-time = "2025-09-25T21:32:43.362Z" },
    { url = "https://files.pythonhosted.org/packages/23/20/bb6982b26a40bb43951265ba29d4c246ef0ff59c9fdcdf0ed04e0687de4d/pyyaml-6.0.3-cp314-cp314-win_amd64.whl", hash = "sha256:4a2e8cebe2ff6ab7d1050ecd59c25d4c8bd7e6f400f5f82b96557ac0abafd0ac", size = 156429, upload-time = "2025-09-25T21:32:57.844Z" },
    { url = "https://files.pythonhosted.org/packages/f4/f4/a4541072bb9422c8a883ab55255f918fa378ecf083f5b85e87fc2b4eda1b/pyyaml-6.0.3-cp314-cp314-win_arm64.whl", hash = "sha256:93dda82c9c22deb0a405ea4dc5f2d0cda384168e466364dec6255b293923b2f3", size = 143912, upload-time = "2025-09-25T21:32:59.247Z" },
    { url = "https://files.pythonhosted.org/packages/7c/f9/07dd09ae774e4616edf6cda684ee78f97777bdd15847253637a6f052a62f/pyyaml-6.0.3-cp314-cp314t-macosx_10_13_x86_64.whl", hash = "sha256:02893d100e99e03eda1c8fd5c441d8c60103fd175728e23e431db1b589cf5ab3", size = 189108, upload-time = "2025-09-25T21:32:44.377Z" },
    { url = "https://files.pythonhosted.org/packages/4e/78/8d08c9fb7ce09ad8c38ad533c1191cf27f7ae1effe5bb9400a46d9437fcf/pyyaml-6.0.3-cp314-cp314t-macosx_11_0_arm64.whl", hash = "sha256:c1ff362665ae507275af2853520967820d9124984e0f7466736aea23d8611fba", size = 183641, upload-time = "2025-09-25T21:32:45.407Z" },
    { url = "https://files.pythonhosted.org/packages/7b/5b/3babb19104a46945cf816d047db2788bcaf8c94527a805610b0289a01c6b/pyyaml-6.0.3-cp314-cp314t-manylinux2014_aarch64.manylinux_2_17_aarch64.manylinux_2_28_aarch64.whl", hash = "sha256:6adc77889b628398debc7b65c073bcb99c4a0237b248cacaf3fe8a557563ef6c", size = 831901, upload-time = "2025-09-25T21:32:48.83Z" },
    { url = "https://files.pythonhosted.org/packages/8b/cc/dff0684d8dc44da4d22a13f35f073d558c268780ce3c6ba1b87055bb0b87/pyyaml-6.0.3-cp314-cp314t-manylinux2014_s390x.manylinux_2_17_s390x.manylinux_2_28_s390x.whl", hash = "sha256:a80cb027f6b349846a3bf6d73b5e95e782175e52f22108cfa17876aaeff93702", size = 861132, upload-time = "2025-09-25T21:32:50.149Z" },
    { url = "https://files.pythonhosted.org/packages/b1/5e/f77dc6b9036943e285ba76b49e118d9ea929885becb0a29ba8a7c75e29fe/pyyaml-6.0.3-cp314-cp314t-manylinux2014_x86_64.manylinux_2_17_x86_64.manylinux_2_28_x86_64.whl", hash = "sha256:00c4bdeba853cc34e7dd471f16b4114f4162dc03e6b7afcc2128711f0eca823c", size = 839261, upload-time = "2025-09-25T21:32:51.808Z" },
    { url = "https://files.pythonhosted.org/packages/ce/88/a9db1376aa2a228197c58b37302f284b5617f56a5d959fd1763fb1675ce6/pyyaml-6.0.3-cp314-cp314t-musllinux_1_2_aarch64.whl", hash = "sha256:66e1674c3ef6f541c35191caae2d429b967b99e02040f5ba928632d9a7f0f065", size = 805272, upload-time = "2025-09-25T21:32:52.941Z" },
    { url = "https://files.pythonhosted.org/packages/da/92/1446574745d74df0c92e6aa4a7b0b3130706a4142b2d1a5869f2eaa423c6/pyyaml-6.0.3-cp314-cp314t-musllinux_1_2_x86_64.whl", hash = "sha256:16249ee61e95f858e83976573de0f5b2893b3677ba71c9dd36b9cf8be9ac6d65", size = 829923, upload-time = "2025-09-25T21:32:54.537Z" },
    { url = "https://files.pythonhosted.org/packages/f0/7a/1c7270340330e575b92f397352af856a8c06f230aa3e76f86b39d01b416a/pyyaml-6.0.3-cp314-cp314t-win_amd64.whl", hash = "sha256:4ad1906908f2f5ae4e5a8ddfce73c320c2a1429ec52eafd27138b7f1cbe341c9", size = 174062, upload-time = "2025-09-25T21:32:55.767Z" },
    { url = "https://files.pythonhosted.org/packages/f1/12/de94a39c2ef588c7e6455cfbe7343d3b2dc9d6b6b2f40c4c6565744c873d/pyyaml-6.0.3-cp314-cp314t-win_arm64.whl", hash = "sha256:ebc55a14a21cb14062aa4162f906cd962b28e2e9ea38f9b4391244cd8de4ae0b", size = 149341, upload-time = "2025-09-25T21:32:56.828Z" },
]
